// !$*UTF8*$!
{
	archiveVersion = 1;
	classes = {
	};
	objectVersion = 46;
	objects = {

/* Begin PBXBuildFile section */
		C20F23701A5C1576003D5B79 /* test.m in Sources */ = {isa = PBXBuildFile; fileRef = C20F236F1A5C1576003D5B79 /* test.m */; };
		C2F772E31A5B70D900F16CB7 /* main.swift in Sources */ = {isa = PBXBuildFile; fileRef = C2F772E21A5B70D900F16CB7 /* main.swift */; };
		C2F772EA1A5BB2CB00F16CB7 /* File.swift in Sources */ = {isa = PBXBuildFile; fileRef = C2F772E91A5BB2CB00F16CB7 /* File.swift */; };
/* End PBXBuildFile section */

/* Begin PBXCopyFilesBuildPhase section */
		C2F772DD1A5B70D900F16CB7 /* CopyFiles */ = {
			isa = PBXCopyFilesBuildPhase;
			buildActionMask = 2147483647;
			dstPath = /usr/share/man/man1/;
			dstSubfolderSpec = 0;
			files = (
			);
			runOnlyForDeploymentPostprocessing = 1;
		};
/* End PBXCopyFilesBuildPhase section */

/* Begin PBXFileReference section */
		C20F236D1A5C1576003D5B79 /* LessonSwift-Bridging-Header.h */ = {isa = PBXFileReference; lastKnownFileType = sourcecode.c.h; path = "LessonSwift-Bridging-Header.h"; sourceTree = "<group>"; };
		C20F236E1A5C1576003D5B79 /* test.h */ = {isa = PBXFileReference; fileEncoding = 4; lastKnownFileType = sourcecode.c.h; path = test.h; sourceTree = "<group>"; };
		C20F236F1A5C1576003D5B79 /* test.m */ = {isa = PBXFileReference; fileEncoding = 4; lastKnownFileType = sourcecode.c.objc; path = test.m; sourceTree = "<group>"; };
		C2F772DF1A5B70D900F16CB7 /* LessonSwift */ = {isa = PBXFileReference; explicitFileType = "compiled.mach-o.executable"; includeInIndex = 0; path = LessonSwift; sourceTree = BUILT_PRODUCTS_DIR; };
		C2F772E21A5B70D900F16CB7 /* main.swift */ = {isa = PBXFileReference; lastKnownFileType = sourcecode.swift; path = main.swift; sourceTree = "<group>"; };
		C2F772E91A5BB2CB00F16CB7 /* File.swift */ = {isa = PBXFileReference; fileEncoding = 4; lastKnownFileType = sourcecode.swift; path = File.swift; sourceTree = "<group>"; };
/* End PBXFileReference section */

/* Begin PBXFrameworksBuildPhase section */
		C2F772DC1A5B70D900F16CB7 /* Frameworks */ = {
			isa = PBXFrameworksBuildPhase;
			buildActionMask = 2147483647;
			files = (
			);
			runOnlyForDeploymentPostprocessing = 0;
		};
/* End PBXFrameworksBuildPhase section */

/* Begin PBXGroup section */
		C2F772D61A5B70D900F16CB7 = {
			isa = PBXGroup;
			children = (
				C2F772E11A5B70D900F16CB7 /* LessonSwift */,
				C2F772E01A5B70D900F16CB7 /* Products */,
			);
			sourceTree = "<group>";
		};
		C2F772E01A5B70D900F16CB7 /* Products */ = {
			isa = PBXGroup;
			children = (
				C2F772DF1A5B70D900F16CB7 /* LessonSwift */,
			);
			name = Products;
			sourceTree = "<group>";
		};
		C2F772E11A5B70D900F16CB7 /* LessonSwift */ = {
			isa = PBXGroup;
			children = (
				C2F772E21A5B70D900F16CB7 /* main.swift */,
				C2F772E91A5BB2CB00F16CB7 /* File.swift */,
				C20F236E1A5C1576003D5B79 /* test.h */,
				C20F236F1A5C1576003D5B79 /* test.m */,
				C20F236D1A5C1576003D5B79 /* LessonSwift-Bridging-Header.h */,
			);
			path = LessonSwift;
			sourceTree = "<group>";
		};
/* End PBXGroup section */

/* Begin PBXNativeTarget section */
		C2F772DE1A5B70D900F16CB7 /* LessonSwift */ = {
			isa = PBXNativeTarget;
			buildConfigurationList = C2F772E61A5B70D900F16CB7 /* Build configuration list for PBXNativeTarget "LessonSwift" */;
			buildPhases = (
				C2F772DB1A5B70D900F16CB7 /* Sources */,
				C2F772DC1A5B70D900F16CB7 /* Frameworks */,
				C2F772DD1A5B70D900F16CB7 /* CopyFiles */,
			);
			buildRules = (
			);
			dependencies = (
			);
			name = LessonSwift;
			productName = LessonSwift;
			productReference = C2F772DF1A5B70D900F16CB7 /* LessonSwift */;
			productType = "com.apple.product-type.tool";
		};
/* End PBXNativeTarget section */

/* Begin PBXProject section */
		C2F772D71A5B70D900F16CB7 /* Project object */ = {
			isa = PBXProject;
			attributes = {
				LastUpgradeCheck = 0610;
				ORGANIZATIONNAME = "王军鑫";
				TargetAttributes = {
					C2F772DE1A5B70D900F16CB7 = {
						CreatedOnToolsVersion = 6.1.1;
					};
				};
			};
			buildConfigurationList = C2F772DA1A5B70D900F16CB7 /* Build configuration list for PBXProject "LessonSwift" */;
			compatibilityVersion = "Xcode 3.2";
			developmentRegion = English;
			hasScannedForEncodings = 0;
			knownRegions = (
				en,
			);
			mainGroup = C2F772D61A5B70D900F16CB7;
			productRefGroup = C2F772E01A5B70D900F16CB7 /* Products */;
			projectDirPath = "";
			projectRoot = "";
			targets = (
				C2F772DE1A5B70D900F16CB7 /* LessonSwift */,
			);
		};
/* End PBXProject section */

/* Begin PBXSourcesBuildPhase section */
		C2F772DB1A5B70D900F16CB7 /* Sources */ = {
			isa = PBXSourcesBuildPhase;
			buildActionMask = 2147483647;
			files = (
				C2F772E31A5B70D900F16CB7 /* main.swift in Sources */,
				C2F772EA1A5BB2CB00F16CB7 /* File.swift in Sources */,
				C20F23701A5C1576003D5B79 /* test.m in Sources */,
			);
			runOnlyForDeploymentPostprocessing = 0;
		};
/* End PBXSourcesBuildPhase section */

/* Begin XCBuildConfiguration section */
		C2F772E41A5B70D900F16CB7 /* Debug */ = {
			isa = XCBuildConfiguration;
			buildSettings = {
				ALWAYS_SEARCH_USER_PATHS = NO;
				CLANG_CXX_LANGUAGE_STANDARD = "gnu++0x";
				CLANG_CXX_LIBRARY = "libc++";
				CLANG_ENABLE_MODULES = YES;
				CLANG_ENABLE_OBJC_ARC = YES;
				CLANG_WARN_BOOL_CONVERSION = YES;
				CLANG_WARN_CONSTANT_CONVERSION = YES;
				CLANG_WARN_DIRECT_OBJC_ISA_USAGE = YES_ERROR;
				CLANG_WARN_EMPTY_BODY = YES;
				CLANG_WARN_ENUM_CONVERSION = YES;
				CLANG_WARN_INT_CONVERSION = YES;
				CLANG_WARN_OBJC_ROOT_CLASS = YES_ERROR;
				CLANG_WARN_UNREACHABLE_CODE = YES;
				CLANG_WARN__DUPLICATE_METHOD_MATCH = YES;
				COPY_PHASE_STRIP = NO;
				ENABLE_STRICT_OBJC_MSGSEND = YES;
				GCC_C_LANGUAGE_STANDARD = gnu99;
				GCC_DYNAMIC_NO_PIC = NO;
				GCC_OPTIMIZATION_LEVEL = 0;
				GCC_PREPROCESSOR_DEFINITIONS = (
					"DEBUG=1",
					"$(inherited)",
				);
				GCC_SYMBOLS_PRIVATE_EXTERN = NO;
				GCC_WARN_64_TO_32_BIT_CONVERSION = YES;
				GCC_WARN_ABOUT_RETURN_TYPE = YES_ERROR;
				GCC_WARN_UNDECLARED_SELECTOR = YES;
				GCC_WARN_UNINITIALIZED_AUTOS = YES_AGGRESSIVE;
				GCC_WARN_UNUSED_FUNCTION = YES;
				GCC_WARN_UNUSED_VARIABLE = YES;
				MACOSX_DEPLOYMENT_TARGET = 10.9;
				MTL_ENABLE_DEBUG_INFO = YES;
				ONLY_ACTIVE_ARCH = YES;
				SDKROOT = macosx;
				SWIFT_OPTIMIZATION_LEVEL = "-Onone";
			};
			name = Debug;
		};
		C2F772E51A5B70D900F16CB7 /* Release */ = {
			isa = XCBuildConfiguration;
			buildSettings = {
				ALWAYS_SEARCH_USER_PATHS = NO;
				CLANG_CXX_LANGUAGE_STANDARD = "gnu++0x";
				CLANG_CXX_LIBRARY = "libc++";
				CLANG_ENABLE_MODULES = YES;
				CLANG_ENABLE_OBJC_ARC = YES;
				CLANG_WARN_BOOL_CONVERSION = YES;
				CLANG_WARN_CONSTANT_CONVERSION = YES;
				CLANG_WARN_DIRECT_OBJC_ISA_USAGE = YES_ERROR;
				CLANG_WARN_EMPTY_BODY = YES;
				CLANG_WARN_ENUM_CONVERSION = YES;
				CLANG_WARN_INT_CONVERSION = YES;
				CLANG_WARN_OBJC_ROOT_CLASS = YES_ERROR;
				CLANG_WARN_UNREACHABLE_CODE = YES;
				CLANG_WARN__DUPLICATE_METHOD_MATCH = YES;
				COPY_PHASE_STRIP = YES;
				DEBUG_INFORMATION_FORMAT = "dwarf-with-dsym";
				ENABLE_NS_ASSERTIONS = NO;
				ENABLE_STRICT_OBJC_MSGSEND = YES;
				GCC_C_LANGUAGE_STANDARD = gnu99;
				GCC_WARN_64_TO_32_BIT_CONVERSION = YES;
				GCC_WARN_ABOUT_RETURN_TYPE = YES_ERROR;
				GCC_WARN_UNDECLARED_SELECTOR = YES;
				GCC_WARN_UNINITIALIZED_AUTOS = YES_AGGRESSIVE;
				GCC_WARN_UNUSED_FUNCTION = YES;
				GCC_WARN_UNUSED_VARIABLE = YES;
				MACOSX_DEPLOYMENT_TARGET = 10.9;
				MTL_ENABLE_DEBUG_INFO = NO;
				SDKROOT = macosx;
			};
			name = Release;
		};
		C2F772E71A5B70D900F16CB7 /* Debug */ = {
			isa = XCBuildConfiguration;
			buildSettings = {
				CLANG_ENABLE_MODULES = YES;
				LD_RUNPATH_SEARCH_PATHS = "$(inherited) @executable_path/../Frameworks @loader_path/../Frameworks";
				PRODUCT_NAME = "$(TARGET_NAME)";
				SWIFT_OBJC_BRIDGING_HEADER = "LessonSwift/LessonSwift-Bridging-Header.h";
				SWIFT_OPTIMIZATION_LEVEL = "-Onone";
			};
			name = Debug;
		};
		C2F772E81A5B70D900F16CB7 /* Release */ = {
			isa = XCBuildConfiguration;
			buildSettings = {
				CLANG_ENABLE_MODULES = YES;
				LD_RUNPATH_SEARCH_PATHS = "$(inherited) @executable_path/../Frameworks @loader_path/../Frameworks";
				PRODUCT_NAME = "$(TARGET_NAME)";
				SWIFT_OBJC_BRIDGING_HEADER = "LessonSwift/LessonSwift-Bridging-Header.h";
			};
			name = Release;
		};
/* End XCBuildConfiguration section */

/* Begin XCConfigurationList section */
		C2F772DA1A5B70D900F16CB7 /* Build configuration list for PBXProject "LessonSwift" */ = {
			isa = XCConfigurationList;
			buildConfigurations = (
				C2F772E41A5B70D900F16CB7 /* Debug */,
				C2F772E51A5B70D900F16CB7 /* Release */,
			);
			defaultConfigurationIsVisible = 0;
			defaultConfigurationName = Release;
		};
		C2F772E61A5B70D900F16CB7 /* Build configuration list for PBXNativeTarget "LessonSwift" */ = {
			isa = XCConfigurationList;
			buildConfigurations = (
				C2F772E71A5B70D900F16CB7 /* Debug */,
				C2F772E81A5B70D900F16CB7 /* Release */,
			);
			defaultConfigurationIsVisible = 0;
			defaultConfigurationName = Release;
		};
/* End XCConfigurationList section */
	};
	rootObject = C2F772D71A5B70D900F16CB7 /* Project object */;
}
