// !$*UTF8*$!
{
	archiveVersion = 1;
	classes = {
	};
	objectVersion = 46;
	objects = {

/* Begin PBXBuildFile section */
		3448FE4A1A10A14D00B07BD4 /* main.m in Sources */ = {isa = PBXBuildFile; fileRef = 3448FE491A10A14D00B07BD4 /* main.m */; };
		3448FE521A10A19D00B07BD4 /* Person.m in Sources */ = {isa = PBXBuildFile; fileRef = 3448FE511A10A19D00B07BD4 /* Person.m */; };
		3448FE551A10A1C000B07BD4 /* Student.m in Sources */ = {isa = PBXBuildFile; fileRef = 3448FE541A10A1C000B07BD4 /* Student.m */; };
/* End PBXBuildFile section */

/* Begin PBXCopyFilesBuildPhase section */
		3448FE441A10A14D00B07BD4 /* CopyFiles */ = {
			isa = PBXCopyFilesBuildPhase;
			buildActionMask = 2147483647;
			dstPath = /usr/share/man/man1/;
			dstSubfolderSpec = 0;
			files = (
			);
			runOnlyForDeploymentPostprocessing = 1;
		};
/* End PBXCopyFilesBuildPhase section */

/* Begin PBXFileReference section */
		3448FE461A10A14D00B07BD4 /* LessonKVC */ = {isa = PBXFileReference; explicitFileType = "compiled.mach-o.executable"; includeInIndex = 0; path = LessonKVC; sourceTree = BUILT_PRODUCTS_DIR; };
		3448FE491A10A14D00B07BD4 /* main.m */ = {isa = PBXFileReference; lastKnownFileType = sourcecode.c.objc; path = main.m; sourceTree = "<group>"; };
		3448FE501A10A19D00B07BD4 /* Person.h */ = {isa = PBXFileReference; fileEncoding = 4; lastKnownFileType = sourcecode.c.h; path = Person.h; sourceTree = "<group>"; };
		3448FE511A10A19D00B07BD4 /* Person.m */ = {isa = PBXFileReference; fileEncoding = 4; lastKnownFileType = sourcecode.c.objc; path = Person.m; sourceTree = "<group>"; };
		3448FE531A10A1C000B07BD4 /* Student.h */ = {isa = PBXFileReference; fileEncoding = 4; lastKnownFileType = sourcecode.c.h; path = Student.h; sourceTree = "<group>"; };
		3448FE541A10A1C000B07BD4 /* Student.m */ = {isa = PBXFileReference; fileEncoding = 4; lastKnownFileType = sourcecode.c.objc; path = Student.m; sourceTree = "<group>"; };
/* End PBXFileReference section */

/* Begin PBXFrameworksBuildPhase section */
		3448FE431A10A14D00B07BD4 /* Frameworks */ = {
			isa = PBXFrameworksBuildPhase;
			buildActionMask = 2147483647;
			files = (
			);
			runOnlyForDeploymentPostprocessing = 0;
		};
/* End PBXFrameworksBuildPhase section */

/* Begin PBXGroup section */
		3448FE3D1A10A14D00B07BD4 = {
			isa = PBXGroup;
			children = (
				3448FE481A10A14D00B07BD4 /* LessonKVC */,
				3448FE471A10A14D00B07BD4 /* Products */,
			);
			sourceTree = "<group>";
		};
		3448FE471A10A14D00B07BD4 /* Products */ = {
			isa = PBXGroup;
			children = (
				3448FE461A10A14D00B07BD4 /* LessonKVC */,
			);
			name = Products;
			sourceTree = "<group>";
		};
		3448FE481A10A14D00B07BD4 /* LessonKVC */ = {
			isa = PBXGroup;
			children = (
				3448FE491A10A14D00B07BD4 /* main.m */,
				3448FE501A10A19D00B07BD4 /* Person.h */,
				3448FE511A10A19D00B07BD4 /* Person.m */,
				3448FE531A10A1C000B07BD4 /* Student.h */,
				3448FE541A10A1C000B07BD4 /* Student.m */,
			);
			path = LessonKVC;
			sourceTree = "<group>";
		};
/* End PBXGroup section */

/* Begin PBXNativeTarget section */
		3448FE451A10A14D00B07BD4 /* LessonKVC */ = {
			isa = PBXNativeTarget;
			buildConfigurationList = 3448FE4D1A10A14D00B07BD4 /* Build configuration list for PBXNativeTarget "LessonKVC" */;
			buildPhases = (
				3448FE421A10A14D00B07BD4 /* Sources */,
				3448FE431A10A14D00B07BD4 /* Frameworks */,
				3448FE441A10A14D00B07BD4 /* CopyFiles */,
			);
			buildRules = (
			);
			dependencies = (
			);
			name = LessonKVC;
			productName = LessonKVC;
			productReference = 3448FE461A10A14D00B07BD4 /* LessonKVC */;
			productType = "com.apple.product-type.tool";
		};
/* End PBXNativeTarget section */

/* Begin PBXProject section */
		3448FE3E1A10A14D00B07BD4 /* Project object */ = {
			isa = PBXProject;
			attributes = {
				LastUpgradeCheck = 0610;
				ORGANIZATIONNAME = "王军鑫";
				TargetAttributes = {
					3448FE451A10A14D00B07BD4 = {
						CreatedOnToolsVersion = 6.1;
					};
				};
			};
			buildConfigurationList = 3448FE411A10A14D00B07BD4 /* Build configuration list for PBXProject "LessonKVC" */;
			compatibilityVersion = "Xcode 3.2";
			developmentRegion = English;
			hasScannedForEncodings = 0;
			knownRegions = (
				en,
			);
			mainGroup = 3448FE3D1A10A14D00B07BD4;
			productRefGroup = 3448FE471A10A14D00B07BD4 /* Products */;
			projectDirPath = "";
			projectRoot = "";
			targets = (
				3448FE451A10A14D00B07BD4 /* LessonKVC */,
			);
		};
/* End PBXProject section */

/* Begin PBXSourcesBuildPhase section */
		3448FE421A10A14D00B07BD4 /* Sources */ = {
			isa = PBXSourcesBuildPhase;
			buildActionMask = 2147483647;
			files = (
				3448FE521A10A19D00B07BD4 /* Person.m in Sources */,
				3448FE4A1A10A14D00B07BD4 /* main.m in Sources */,
				3448FE551A10A1C000B07BD4 /* Student.m in Sources */,
			);
			runOnlyForDeploymentPostprocessing = 0;
		};
/* End PBXSourcesBuildPhase section */

/* Begin XCBuildConfiguration section */
		3448FE4B1A10A14D00B07BD4 /* Debug */ = {
			isa = XCBuildConfiguration;
			buildSettings = {
				ALWAYS_SEARCH_USER_PATHS = NO;
				CLANG_CXX_LANGUAGE_STANDARD = "gnu++0x";
				CLANG_CXX_LIBRARY = "libc++";
				CLANG_ENABLE_MODULES = YES;
				CLANG_ENABLE_OBJC_ARC = YES;
				CLANG_WARN_BOOL_CONVERSION = YES;
				CLANG_WARN_CONSTANT_CONVERSION = YES;
				CLANG_WARN_DIRECT_OBJC_ISA_USAGE = YES_ERROR;
				CLANG_WARN_EMPTY_BODY = YES;
				CLANG_WARN_ENUM_CONVERSION = YES;
				CLANG_WARN_INT_CONVERSION = YES;
				CLANG_WARN_OBJC_ROOT_CLASS = YES_ERROR;
				CLANG_WARN_UNREACHABLE_CODE = YES;
				CLANG_WARN__DUPLICATE_METHOD_MATCH = YES;
				COPY_PHASE_STRIP = NO;
				ENABLE_STRICT_OBJC_MSGSEND = YES;
				GCC_C_LANGUAGE_STANDARD = gnu99;
				GCC_DYNAMIC_NO_PIC = NO;
				GCC_OPTIMIZATION_LEVEL = 0;
				GCC_PREPROCESSOR_DEFINITIONS = (
					"DEBUG=1",
					"$(inherited)",
				);
				GCC_SYMBOLS_PRIVATE_EXTERN = NO;
				GCC_WARN_64_TO_32_BIT_CONVERSION = YES;
				GCC_WARN_ABOUT_RETURN_TYPE = YES_ERROR;
				GCC_WARN_UNDECLARED_SELECTOR = YES;
				GCC_WARN_UNINITIALIZED_AUTOS = YES_AGGRESSIVE;
				GCC_WARN_UNUSED_FUNCTION = YES;
				GCC_WARN_UNUSED_VARIABLE = YES;
				MACOSX_DEPLOYMENT_TARGET = 10.10;
				MTL_ENABLE_DEBUG_INFO = YES;
				ONLY_ACTIVE_ARCH = YES;
				SDKROOT = macosx;
			};
			name = Debug;
		};
		3448FE4C1A10A14D00B07BD4 /* Release */ = {
			isa = XCBuildConfiguration;
			buildSettings = {
				ALWAYS_SEARCH_USER_PATHS = NO;
				CLANG_CXX_LANGUAGE_STANDARD = "gnu++0x";
				CLANG_CXX_LIBRARY = "libc++";
				CLANG_ENABLE_MODULES = YES;
				CLANG_ENABLE_OBJC_ARC = YES;
				CLANG_WARN_BOOL_CONVERSION = YES;
				CLANG_WARN_CONSTANT_CONVERSION = YES;
				CLANG_WARN_DIRECT_OBJC_ISA_USAGE = YES_ERROR;
				CLANG_WARN_EMPTY_BODY = YES;
				CLANG_WARN_ENUM_CONVERSION = YES;
				CLANG_WARN_INT_CONVERSION = YES;
				CLANG_WARN_OBJC_ROOT_CLASS = YES_ERROR;
				CLANG_WARN_UNREACHABLE_CODE = YES;
				CLANG_WARN__DUPLICATE_METHOD_MATCH = YES;
				COPY_PHASE_STRIP = YES;
				DEBUG_INFORMATION_FORMAT = "dwarf-with-dsym";
				ENABLE_NS_ASSERTIONS = NO;
				ENABLE_STRICT_OBJC_MSGSEND = YES;
				GCC_C_LANGUAGE_STANDARD = gnu99;
				GCC_WARN_64_TO_32_BIT_CONVERSION = YES;
				GCC_WARN_ABOUT_RETURN_TYPE = YES_ERROR;
				GCC_WARN_UNDECLARED_SELECTOR = YES;
				GCC_WARN_UNINITIALIZED_AUTOS = YES_AGGRESSIVE;
				GCC_WARN_UNUSED_FUNCTION = YES;
				GCC_WARN_UNUSED_VARIABLE = YES;
				MACOSX_DEPLOYMENT_TARGET = 10.10;
				MTL_ENABLE_DEBUG_INFO = NO;
				SDKROOT = macosx;
			};
			name = Release;
		};
		3448FE4E1A10A14D00B07BD4 /* Debug */ = {
			isa = XCBuildConfiguration;
			buildSettings = {
				CLANG_ENABLE_OBJC_ARC = NO;
				PRODUCT_NAME = "$(TARGET_NAME)";
			};
			name = Debug;
		};
		3448FE4F1A10A14D00B07BD4 /* Release */ = {
			isa = XCBuildConfiguration;
			buildSettings = {
				CLANG_ENABLE_OBJC_ARC = NO;
				PRODUCT_NAME = "$(TARGET_NAME)";
			};
			name = Release;
		};
/* End XCBuildConfiguration section */

/* Begin XCConfigurationList section */
		3448FE411A10A14D00B07BD4 /* Build configuration list for PBXProject "LessonKVC" */ = {
			isa = XCConfigurationList;
			buildConfigurations = (
				3448FE4B1A10A14D00B07BD4 /* Debug */,
				3448FE4C1A10A14D00B07BD4 /* Release */,
			);
			defaultConfigurationIsVisible = 0;
			defaultConfigurationName = Release;
		};
		3448FE4D1A10A14D00B07BD4 /* Build configuration list for PBXNativeTarget "LessonKVC" */ = {
			isa = XCConfigurationList;
			buildConfigurations = (
				3448FE4E1A10A14D00B07BD4 /* Debug */,
				3448FE4F1A10A14D00B07BD4 /* Release */,
			);
			defaultConfigurationIsVisible = 0;
		};
/* End XCConfigurationList section */
	};
	rootObject = 3448FE3E1A10A14D00B07BD4 /* Project object */;
}
