// !$*UTF8*$!
{
	archiveVersion = 1;
	classes = {
	};
	objectVersion = 46;
	objects = {

/* Begin PBXBuildFile section */
		34AD207F1A3FC68C00ED8560 /* main.m in Sources */ = {isa = PBXBuildFile; fileRef = 34AD207E1A3FC68C00ED8560 /* main.m */; };
		34AD20821A3FC68C00ED8560 /* AppDelegate.m in Sources */ = {isa = PBXBuildFile; fileRef = 34AD20811A3FC68C00ED8560 /* AppDelegate.m */; };
		34AD20851A3FC68D00ED8560 /* LessonCoreData.xcdatamodeld in Sources */ = {isa = PBXBuildFile; fileRef = 34AD20831A3FC68D00ED8560 /* LessonCoreData.xcdatamodeld */; };
		34AD20871A3FC68D00ED8560 /* Images.xcassets in Resources */ = {isa = PBXBuildFile; fileRef = 34AD20861A3FC68D00ED8560 /* Images.xcassets */; };
		34AD208A1A3FC68D00ED8560 /* LaunchScreen.xib in Resources */ = {isa = PBXBuildFile; fileRef = 34AD20881A3FC68D00ED8560 /* LaunchScreen.xib */; };
		34AD20961A3FC68D00ED8560 /* LessonCoreDataTests.m in Sources */ = {isa = PBXBuildFile; fileRef = 34AD20951A3FC68D00ED8560 /* LessonCoreDataTests.m */; };
		34AD20A61A3FDB0400ED8560 /* Storyboard.storyboard in Resources */ = {isa = PBXBuildFile; fileRef = 34AD20A51A3FDB0400ED8560 /* Storyboard.storyboard */; };
		34AD20A91A3FDF7700ED8560 /* addController.m in Sources */ = {isa = PBXBuildFile; fileRef = 34AD20A81A3FDF7700ED8560 /* addController.m */; };
		34AD20AC1A3FDF8400ED8560 /* searchController.m in Sources */ = {isa = PBXBuildFile; fileRef = 34AD20AB1A3FDF8400ED8560 /* searchController.m */; };
		34AD20AF1A3FDFA400ED8560 /* StudentListController.m in Sources */ = {isa = PBXBuildFile; fileRef = 34AD20AE1A3FDFA400ED8560 /* StudentListController.m */; };
		34AD20B21A40194A00ED8560 /* ClassRoom.m in Sources */ = {isa = PBXBuildFile; fileRef = 34AD20B11A40194A00ED8560 /* ClassRoom.m */; };
		34AD20B51A40194B00ED8560 /* Student.m in Sources */ = {isa = PBXBuildFile; fileRef = 34AD20B41A40194B00ED8560 /* Student.m */; };
		34AD20B81A40235C00ED8560 /* customCell.m in Sources */ = {isa = PBXBuildFile; fileRef = 34AD20B71A40235C00ED8560 /* customCell.m */; };
/* End PBXBuildFile section */

/* Begin PBXContainerItemProxy section */
		34AD20901A3FC68D00ED8560 /* PBXContainerItemProxy */ = {
			isa = PBXContainerItemProxy;
			containerPortal = 34AD20711A3FC68C00ED8560 /* Project object */;
			proxyType = 1;
			remoteGlobalIDString = 34AD20781A3FC68C00ED8560;
			remoteInfo = LessonCoreData;
		};
/* End PBXContainerItemProxy section */

/* Begin PBXFileReference section */
		34AD20791A3FC68C00ED8560 /* LessonCoreData.app */ = {isa = PBXFileReference; explicitFileType = wrapper.application; includeInIndex = 0; path = LessonCoreData.app; sourceTree = BUILT_PRODUCTS_DIR; };
		34AD207D1A3FC68C00ED8560 /* Info.plist */ = {isa = PBXFileReference; lastKnownFileType = text.plist.xml; path = Info.plist; sourceTree = "<group>"; };
		34AD207E1A3FC68C00ED8560 /* main.m */ = {isa = PBXFileReference; lastKnownFileType = sourcecode.c.objc; path = main.m; sourceTree = "<group>"; };
		34AD20801A3FC68C00ED8560 /* AppDelegate.h */ = {isa = PBXFileReference; lastKnownFileType = sourcecode.c.h; path = AppDelegate.h; sourceTree = "<group>"; };
		34AD20811A3FC68C00ED8560 /* AppDelegate.m */ = {isa = PBXFileReference; lastKnownFileType = sourcecode.c.objc; path = AppDelegate.m; sourceTree = "<group>"; };
		34AD20841A3FC68D00ED8560 /* LessonCoreData.xcdatamodel */ = {isa = PBXFileReference; lastKnownFileType = wrapper.xcdatamodel; path = LessonCoreData.xcdatamodel; sourceTree = "<group>"; };
		34AD20861A3FC68D00ED8560 /* Images.xcassets */ = {isa = PBXFileReference; lastKnownFileType = folder.assetcatalog; path = Images.xcassets; sourceTree = "<group>"; };
		34AD20891A3FC68D00ED8560 /* Base */ = {isa = PBXFileReference; lastKnownFileType = file.xib; name = Base; path = Base.lproj/LaunchScreen.xib; sourceTree = "<group>"; };
		34AD208F1A3FC68D00ED8560 /* LessonCoreDataTests.xctest */ = {isa = PBXFileReference; explicitFileType = wrapper.cfbundle; includeInIndex = 0; path = LessonCoreDataTests.xctest; sourceTree = BUILT_PRODUCTS_DIR; };
		34AD20941A3FC68D00ED8560 /* Info.plist */ = {isa = PBXFileReference; lastKnownFileType = text.plist.xml; path = Info.plist; sourceTree = "<group>"; };
		34AD20951A3FC68D00ED8560 /* LessonCoreDataTests.m */ = {isa = PBXFileReference; lastKnownFileType = sourcecode.c.objc; path = LessonCoreDataTests.m; sourceTree = "<group>"; };
		34AD20A51A3FDB0400ED8560 /* Storyboard.storyboard */ = {isa = PBXFileReference; fileEncoding = 4; lastKnownFileType = file.storyboard; path = Storyboard.storyboard; sourceTree = "<group>"; };
		34AD20A71A3FDF7700ED8560 /* addController.h */ = {isa = PBXFileReference; fileEncoding = 4; lastKnownFileType = sourcecode.c.h; path = addController.h; sourceTree = "<group>"; };
		34AD20A81A3FDF7700ED8560 /* addController.m */ = {isa = PBXFileReference; fileEncoding = 4; lastKnownFileType = sourcecode.c.objc; path = addController.m; sourceTree = "<group>"; };
		34AD20AA1A3FDF8400ED8560 /* searchController.h */ = {isa = PBXFileReference; fileEncoding = 4; lastKnownFileType = sourcecode.c.h; path = searchController.h; sourceTree = "<group>"; };
		34AD20AB1A3FDF8400ED8560 /* searchController.m */ = {isa = PBXFileReference; fileEncoding = 4; lastKnownFileType = sourcecode.c.objc; path = searchController.m; sourceTree = "<group>"; };
		34AD20AD1A3FDFA400ED8560 /* StudentListController.h */ = {isa = PBXFileReference; fileEncoding = 4; lastKnownFileType = sourcecode.c.h; path = StudentListController.h; sourceTree = "<group>"; };
		34AD20AE1A3FDFA400ED8560 /* StudentListController.m */ = {isa = PBXFileReference; fileEncoding = 4; lastKnownFileType = sourcecode.c.objc; path = StudentListController.m; sourceTree = "<group>"; };
		34AD20B01A40194A00ED8560 /* ClassRoom.h */ = {isa = PBXFileReference; fileEncoding = 4; lastKnownFileType = sourcecode.c.h; path = ClassRoom.h; sourceTree = "<group>"; };
		34AD20B11A40194A00ED8560 /* ClassRoom.m */ = {isa = PBXFileReference; fileEncoding = 4; lastKnownFileType = sourcecode.c.objc; path = ClassRoom.m; sourceTree = "<group>"; };
		34AD20B31A40194B00ED8560 /* Student.h */ = {isa = PBXFileReference; fileEncoding = 4; lastKnownFileType = sourcecode.c.h; path = Student.h; sourceTree = "<group>"; };
		34AD20B41A40194B00ED8560 /* Student.m */ = {isa = PBXFileReference; fileEncoding = 4; lastKnownFileType = sourcecode.c.objc; path = Student.m; sourceTree = "<group>"; };
		34AD20B61A40235C00ED8560 /* customCell.h */ = {isa = PBXFileReference; fileEncoding = 4; lastKnownFileType = sourcecode.c.h; path = customCell.h; sourceTree = "<group>"; };
		34AD20B71A40235C00ED8560 /* customCell.m */ = {isa = PBXFileReference; fileEncoding = 4; lastKnownFileType = sourcecode.c.objc; path = customCell.m; sourceTree = "<group>"; };
/* End PBXFileReference section */

/* Begin PBXFrameworksBuildPhase section */
		34AD20761A3FC68C00ED8560 /* Frameworks */ = {
			isa = PBXFrameworksBuildPhase;
			buildActionMask = 2147483647;
			files = (
			);
			runOnlyForDeploymentPostprocessing = 0;
		};
		34AD208C1A3FC68D00ED8560 /* Frameworks */ = {
			isa = PBXFrameworksBuildPhase;
			buildActionMask = 2147483647;
			files = (
			);
			runOnlyForDeploymentPostprocessing = 0;
		};
/* End PBXFrameworksBuildPhase section */

/* Begin PBXGroup section */
		34AD20701A3FC68C00ED8560 = {
			isa = PBXGroup;
			children = (
				34AD207B1A3FC68C00ED8560 /* LessonCoreData */,
				34AD20921A3FC68D00ED8560 /* LessonCoreDataTests */,
				34AD207A1A3FC68C00ED8560 /* Products */,
			);
			sourceTree = "<group>";
		};
		34AD207A1A3FC68C00ED8560 /* Products */ = {
			isa = PBXGroup;
			children = (
				34AD20791A3FC68C00ED8560 /* LessonCoreData.app */,
				34AD208F1A3FC68D00ED8560 /* LessonCoreDataTests.xctest */,
			);
			name = Products;
			sourceTree = "<group>";
		};
		34AD207B1A3FC68C00ED8560 /* LessonCoreData */ = {
			isa = PBXGroup;
			children = (
				34AD20801A3FC68C00ED8560 /* AppDelegate.h */,
				34AD20811A3FC68C00ED8560 /* AppDelegate.m */,
				34AD20861A3FC68D00ED8560 /* Images.xcassets */,
				34AD20881A3FC68D00ED8560 /* LaunchScreen.xib */,
				34AD20831A3FC68D00ED8560 /* LessonCoreData.xcdatamodeld */,
				34AD20B31A40194B00ED8560 /* Student.h */,
				34AD20B41A40194B00ED8560 /* Student.m */,
				34AD20B01A40194A00ED8560 /* ClassRoom.h */,
				34AD20B11A40194A00ED8560 /* ClassRoom.m */,
				34AD207C1A3FC68C00ED8560 /* Supporting Files */,
				34AD20A51A3FDB0400ED8560 /* Storyboard.storyboard */,
				34AD20A71A3FDF7700ED8560 /* addController.h */,
				34AD20A81A3FDF7700ED8560 /* addController.m */,
				34AD20AA1A3FDF8400ED8560 /* searchController.h */,
				34AD20AB1A3FDF8400ED8560 /* searchController.m */,
				34AD20AD1A3FDFA400ED8560 /* StudentListController.h */,
				34AD20AE1A3FDFA400ED8560 /* StudentListController.m */,
				34AD20B61A40235C00ED8560 /* customCell.h */,
				34AD20B71A40235C00ED8560 /* customCell.m */,
			);
			path = LessonCoreData;
			sourceTree = "<group>";
		};
		34AD207C1A3FC68C00ED8560 /* Supporting Files */ = {
			isa = PBXGroup;
			children = (
				34AD207D1A3FC68C00ED8560 /* Info.plist */,
				34AD207E1A3FC68C00ED8560 /* main.m */,
			);
			name = "Supporting Files";
			sourceTree = "<group>";
		};
		34AD20921A3FC68D00ED8560 /* LessonCoreDataTests */ = {
			isa = PBXGroup;
			children = (
				34AD20951A3FC68D00ED8560 /* LessonCoreDataTests.m */,
				34AD20931A3FC68D00ED8560 /* Supporting Files */,
			);
			path = LessonCoreDataTests;
			sourceTree = "<group>";
		};
		34AD20931A3FC68D00ED8560 /* Supporting Files */ = {
			isa = PBXGroup;
			children = (
				34AD20941A3FC68D00ED8560 /* Info.plist */,
			);
			name = "Supporting Files";
			sourceTree = "<group>";
		};
/* End PBXGroup section */

/* Begin PBXNativeTarget section */
		34AD20781A3FC68C00ED8560 /* LessonCoreData */ = {
			isa = PBXNativeTarget;
			buildConfigurationList = 34AD20991A3FC68D00ED8560 /* Build configuration list for PBXNativeTarget "LessonCoreData" */;
			buildPhases = (
				34AD20751A3FC68C00ED8560 /* Sources */,
				34AD20761A3FC68C00ED8560 /* Frameworks */,
				34AD20771A3FC68C00ED8560 /* Resources */,
			);
			buildRules = (
			);
			dependencies = (
			);
			name = LessonCoreData;
			productName = LessonCoreData;
			productReference = 34AD20791A3FC68C00ED8560 /* LessonCoreData.app */;
			productType = "com.apple.product-type.application";
		};
		34AD208E1A3FC68D00ED8560 /* LessonCoreDataTests */ = {
			isa = PBXNativeTarget;
			buildConfigurationList = 34AD209C1A3FC68D00ED8560 /* Build configuration list for PBXNativeTarget "LessonCoreDataTests" */;
			buildPhases = (
				34AD208B1A3FC68D00ED8560 /* Sources */,
				34AD208C1A3FC68D00ED8560 /* Frameworks */,
				34AD208D1A3FC68D00ED8560 /* Resources */,
			);
			buildRules = (
			);
			dependencies = (
				34AD20911A3FC68D00ED8560 /* PBXTargetDependency */,
			);
			name = LessonCoreDataTests;
			productName = LessonCoreDataTests;
			productReference = 34AD208F1A3FC68D00ED8560 /* LessonCoreDataTests.xctest */;
			productType = "com.apple.product-type.bundle.unit-test";
		};
/* End PBXNativeTarget section */

/* Begin PBXProject section */
		34AD20711A3FC68C00ED8560 /* Project object */ = {
			isa = PBXProject;
			attributes = {
				LastUpgradeCheck = 0610;
				ORGANIZATIONNAME = "王军鑫";
				TargetAttributes = {
					34AD20781A3FC68C00ED8560 = {
						CreatedOnToolsVersion = 6.1.1;
					};
					34AD208E1A3FC68D00ED8560 = {
						CreatedOnToolsVersion = 6.1.1;
						TestTargetID = 34AD20781A3FC68C00ED8560;
					};
				};
			};
			buildConfigurationList = 34AD20741A3FC68C00ED8560 /* Build configuration list for PBXProject "LessonCoreData" */;
			compatibilityVersion = "Xcode 3.2";
			developmentRegion = English;
			hasScannedForEncodings = 0;
			knownRegions = (
				en,
				Base,
			);
			mainGroup = 34AD20701A3FC68C00ED8560;
			productRefGroup = 34AD207A1A3FC68C00ED8560 /* Products */;
			projectDirPath = "";
			projectRoot = "";
			targets = (
				34AD20781A3FC68C00ED8560 /* LessonCoreData */,
				34AD208E1A3FC68D00ED8560 /* LessonCoreDataTests */,
			);
		};
/* End PBXProject section */

/* Begin PBXResourcesBuildPhase section */
		34AD20771A3FC68C00ED8560 /* Resources */ = {
			isa = PBXResourcesBuildPhase;
			buildActionMask = 2147483647;
			files = (
				34AD208A1A3FC68D00ED8560 /* LaunchScreen.xib in Resources */,
				34AD20871A3FC68D00ED8560 /* Images.xcassets in Resources */,
				34AD20A61A3FDB0400ED8560 /* Storyboard.storyboard in Resources */,
			);
			runOnlyForDeploymentPostprocessing = 0;
		};
		34AD208D1A3FC68D00ED8560 /* Resources */ = {
			isa = PBXResourcesBuildPhase;
			buildActionMask = 2147483647;
			files = (
			);
			runOnlyForDeploymentPostprocessing = 0;
		};
/* End PBXResourcesBuildPhase section */

/* Begin PBXSourcesBuildPhase section */
		34AD20751A3FC68C00ED8560 /* Sources */ = {
			isa = PBXSourcesBuildPhase;
			buildActionMask = 2147483647;
			files = (
				34AD20821A3FC68C00ED8560 /* AppDelegate.m in Sources */,
				34AD20AF1A3FDFA400ED8560 /* StudentListController.m in Sources */,
				34AD20A91A3FDF7700ED8560 /* addController.m in Sources */,
				34AD20B81A40235C00ED8560 /* customCell.m in Sources */,
				34AD20B51A40194B00ED8560 /* Student.m in Sources */,
				34AD20851A3FC68D00ED8560 /* LessonCoreData.xcdatamodeld in Sources */,
				34AD207F1A3FC68C00ED8560 /* main.m in Sources */,
				34AD20AC1A3FDF8400ED8560 /* searchController.m in Sources */,
				34AD20B21A40194A00ED8560 /* ClassRoom.m in Sources */,
			);
			runOnlyForDeploymentPostprocessing = 0;
		};
		34AD208B1A3FC68D00ED8560 /* Sources */ = {
			isa = PBXSourcesBuildPhase;
			buildActionMask = 2147483647;
			files = (
				34AD20961A3FC68D00ED8560 /* LessonCoreDataTests.m in Sources */,
			);
			runOnlyForDeploymentPostprocessing = 0;
		};
/* End PBXSourcesBuildPhase section */

/* Begin PBXTargetDependency section */
		34AD20911A3FC68D00ED8560 /* PBXTargetDependency */ = {
			isa = PBXTargetDependency;
			target = 34AD20781A3FC68C00ED8560 /* LessonCoreData */;
			targetProxy = 34AD20901A3FC68D00ED8560 /* PBXContainerItemProxy */;
		};
/* End PBXTargetDependency section */

/* Begin PBXVariantGroup section */
		34AD20881A3FC68D00ED8560 /* LaunchScreen.xib */ = {
			isa = PBXVariantGroup;
			children = (
				34AD20891A3FC68D00ED8560 /* Base */,
			);
			name = LaunchScreen.xib;
			sourceTree = "<group>";
		};
/* End PBXVariantGroup section */

/* Begin XCBuildConfiguration section */
		34AD20971A3FC68D00ED8560 /* Debug */ = {
			isa = XCBuildConfiguration;
			buildSettings = {
				ALWAYS_SEARCH_USER_PATHS = NO;
				CLANG_CXX_LANGUAGE_STANDARD = "gnu++0x";
				CLANG_CXX_LIBRARY = "libc++";
				CLANG_ENABLE_MODULES = YES;
				CLANG_ENABLE_OBJC_ARC = YES;
				CLANG_WARN_BOOL_CONVERSION = YES;
				CLANG_WARN_CONSTANT_CONVERSION = YES;
				CLANG_WARN_DIRECT_OBJC_ISA_USAGE = YES_ERROR;
				CLANG_WARN_EMPTY_BODY = YES;
				CLANG_WARN_ENUM_CONVERSION = YES;
				CLANG_WARN_INT_CONVERSION = YES;
				CLANG_WARN_OBJC_ROOT_CLASS = YES_ERROR;
				CLANG_WARN_UNREACHABLE_CODE = YES;
				CLANG_WARN__DUPLICATE_METHOD_MATCH = YES;
				"CODE_SIGN_IDENTITY[sdk=iphoneos*]" = "iPhone Developer";
				COPY_PHASE_STRIP = NO;
				ENABLE_STRICT_OBJC_MSGSEND = YES;
				GCC_C_LANGUAGE_STANDARD = gnu99;
				GCC_DYNAMIC_NO_PIC = NO;
				GCC_OPTIMIZATION_LEVEL = 0;
				GCC_PREPROCESSOR_DEFINITIONS = (
					"DEBUG=1",
					"$(inherited)",
				);
				GCC_SYMBOLS_PRIVATE_EXTERN = NO;
				GCC_WARN_64_TO_32_BIT_CONVERSION = YES;
				GCC_WARN_ABOUT_RETURN_TYPE = YES_ERROR;
				GCC_WARN_UNDECLARED_SELECTOR = YES;
				GCC_WARN_UNINITIALIZED_AUTOS = YES_AGGRESSIVE;
				GCC_WARN_UNUSED_FUNCTION = YES;
				GCC_WARN_UNUSED_VARIABLE = YES;
				IPHONEOS_DEPLOYMENT_TARGET = 8.1;
				MTL_ENABLE_DEBUG_INFO = YES;
				ONLY_ACTIVE_ARCH = YES;
				SDKROOT = iphoneos;
			};
			name = Debug;
		};
		34AD20981A3FC68D00ED8560 /* Release */ = {
			isa = XCBuildConfiguration;
			buildSettings = {
				ALWAYS_SEARCH_USER_PATHS = NO;
				CLANG_CXX_LANGUAGE_STANDARD = "gnu++0x";
				CLANG_CXX_LIBRARY = "libc++";
				CLANG_ENABLE_MODULES = YES;
				CLANG_ENABLE_OBJC_ARC = YES;
				CLANG_WARN_BOOL_CONVERSION = YES;
				CLANG_WARN_CONSTANT_CONVERSION = YES;
				CLANG_WARN_DIRECT_OBJC_ISA_USAGE = YES_ERROR;
				CLANG_WARN_EMPTY_BODY = YES;
				CLANG_WARN_ENUM_CONVERSION = YES;
				CLANG_WARN_INT_CONVERSION = YES;
				CLANG_WARN_OBJC_ROOT_CLASS = YES_ERROR;
				CLANG_WARN_UNREACHABLE_CODE = YES;
				CLANG_WARN__DUPLICATE_METHOD_MATCH = YES;
				"CODE_SIGN_IDENTITY[sdk=iphoneos*]" = "iPhone Developer";
				COPY_PHASE_STRIP = YES;
				ENABLE_NS_ASSERTIONS = NO;
				ENABLE_STRICT_OBJC_MSGSEND = YES;
				GCC_C_LANGUAGE_STANDARD = gnu99;
				GCC_WARN_64_TO_32_BIT_CONVERSION = YES;
				GCC_WARN_ABOUT_RETURN_TYPE = YES_ERROR;
				GCC_WARN_UNDECLARED_SELECTOR = YES;
				GCC_WARN_UNINITIALIZED_AUTOS = YES_AGGRESSIVE;
				GCC_WARN_UNUSED_FUNCTION = YES;
				GCC_WARN_UNUSED_VARIABLE = YES;
				IPHONEOS_DEPLOYMENT_TARGET = 8.1;
				MTL_ENABLE_DEBUG_INFO = NO;
				SDKROOT = iphoneos;
				VALIDATE_PRODUCT = YES;
			};
			name = Release;
		};
		34AD209A1A3FC68D00ED8560 /* Debug */ = {
			isa = XCBuildConfiguration;
			buildSettings = {
				ASSETCATALOG_COMPILER_APPICON_NAME = AppIcon;
				INFOPLIST_FILE = LessonCoreData/Info.plist;
				LD_RUNPATH_SEARCH_PATHS = "$(inherited) @executable_path/Frameworks";
				PRODUCT_NAME = "$(TARGET_NAME)";
			};
			name = Debug;
		};
		34AD209B1A3FC68D00ED8560 /* Release */ = {
			isa = XCBuildConfiguration;
			buildSettings = {
				ASSETCATALOG_COMPILER_APPICON_NAME = AppIcon;
				INFOPLIST_FILE = LessonCoreData/Info.plist;
				LD_RUNPATH_SEARCH_PATHS = "$(inherited) @executable_path/Frameworks";
				PRODUCT_NAME = "$(TARGET_NAME)";
			};
			name = Release;
		};
		34AD209D1A3FC68D00ED8560 /* Debug */ = {
			isa = XCBuildConfiguration;
			buildSettings = {
				BUNDLE_LOADER = "$(TEST_HOST)";
				FRAMEWORK_SEARCH_PATHS = (
					"$(SDKROOT)/Developer/Library/Frameworks",
					"$(inherited)",
				);
				GCC_PREPROCESSOR_DEFINITIONS = (
					"DEBUG=1",
					"$(inherited)",
				);
				INFOPLIST_FILE = LessonCoreDataTests/Info.plist;
				LD_RUNPATH_SEARCH_PATHS = "$(inherited) @executable_path/Frameworks @loader_path/Frameworks";
				PRODUCT_NAME = "$(TARGET_NAME)";
				TEST_HOST = "$(BUILT_PRODUCTS_DIR)/LessonCoreData.app/LessonCoreData";
			};
			name = Debug;
		};
		34AD209E1A3FC68D00ED8560 /* Release */ = {
			isa = XCBuildConfiguration;
			buildSettings = {
				BUNDLE_LOADER = "$(TEST_HOST)";
				FRAMEWORK_SEARCH_PATHS = (
					"$(SDKROOT)/Developer/Library/Frameworks",
					"$(inherited)",
				);
				INFOPLIST_FILE = LessonCoreDataTests/Info.plist;
				LD_RUNPATH_SEARCH_PATHS = "$(inherited) @executable_path/Frameworks @loader_path/Frameworks";
				PRODUCT_NAME = "$(TARGET_NAME)";
				TEST_HOST = "$(BUILT_PRODUCTS_DIR)/LessonCoreData.app/LessonCoreData";
			};
			name = Release;
		};
/* End XCBuildConfiguration section */

/* Begin XCConfigurationList section */
		34AD20741A3FC68C00ED8560 /* Build configuration list for PBXProject "LessonCoreData" */ = {
			isa = XCConfigurationList;
			buildConfigurations = (
				34AD20971A3FC68D00ED8560 /* Debug */,
				34AD20981A3FC68D00ED8560 /* Release */,
			);
			defaultConfigurationIsVisible = 0;
			defaultConfigurationName = Release;
		};
		34AD20991A3FC68D00ED8560 /* Build configuration list for PBXNativeTarget "LessonCoreData" */ = {
			isa = XCConfigurationList;
			buildConfigurations = (
				34AD209A1A3FC68D00ED8560 /* Debug */,
				34AD209B1A3FC68D00ED8560 /* Release */,
			);
			defaultConfigurationIsVisible = 0;
		};
		34AD209C1A3FC68D00ED8560 /* Build configuration list for PBXNativeTarget "LessonCoreDataTests" */ = {
			isa = XCConfigurationList;
			buildConfigurations = (
				34AD209D1A3FC68D00ED8560 /* Debug */,
				34AD209E1A3FC68D00ED8560 /* Release */,
			);
			defaultConfigurationIsVisible = 0;
		};
/* End XCConfigurationList section */

/* Begin XCVersionGroup section */
		34AD20831A3FC68D00ED8560 /* LessonCoreData.xcdatamodeld */ = {
			isa = XCVersionGroup;
			children = (
				34AD20841A3FC68D00ED8560 /* LessonCoreData.xcdatamodel */,
			);
			currentVersion = 34AD20841A3FC68D00ED8560 /* LessonCoreData.xcdatamodel */;
			path = LessonCoreData.xcdatamodeld;
			sourceTree = "<group>";
			versionGroupType = wrapper.xcdatamodel;
		};
/* End XCVersionGroup section */
	};
	rootObject = 34AD20711A3FC68C00ED8560 /* Project object */;
}
