// !$*UTF8*$!
{
	archiveVersion = 1;
	classes = {
	};
	objectVersion = 46;
	objects = {

/* Begin PBXBuildFile section */
		34959E2119F9E8F2002FAB9C /* main.m in Sources */ = {isa = PBXBuildFile; fileRef = 34959E2019F9E8F2002FAB9C /* main.m */; };
		34959E2419F9E8F2002FAB9C /* AppDelegate.m in Sources */ = {isa = PBXBuildFile; fileRef = 34959E2319F9E8F2002FAB9C /* AppDelegate.m */; };
		34959E2619F9E8F2002FAB9C /* Images.xcassets in Resources */ = {isa = PBXBuildFile; fileRef = 34959E2519F9E8F2002FAB9C /* Images.xcassets */; };
		34959E2919F9E8F2002FAB9C /* LaunchScreen.xib in Resources */ = {isa = PBXBuildFile; fileRef = 34959E2719F9E8F2002FAB9C /* LaunchScreen.xib */; };
		34959E3519F9E8F2002FAB9C /* LessonManagerSubviewsTests.m in Sources */ = {isa = PBXBuildFile; fileRef = 34959E3419F9E8F2002FAB9C /* LessonManagerSubviewsTests.m */; };
/* End PBXBuildFile section */

/* Begin PBXContainerItemProxy section */
		34959E2F19F9E8F2002FAB9C /* PBXContainerItemProxy */ = {
			isa = PBXContainerItemProxy;
			containerPortal = 34959E1319F9E8F2002FAB9C /* Project object */;
			proxyType = 1;
			remoteGlobalIDString = 34959E1A19F9E8F2002FAB9C;
			remoteInfo = LessonManagerSubviews;
		};
/* End PBXContainerItemProxy section */

/* Begin PBXFileReference section */
		34959E1B19F9E8F2002FAB9C /* LessonManagerSubviews.app */ = {isa = PBXFileReference; explicitFileType = wrapper.application; includeInIndex = 0; path = LessonManagerSubviews.app; sourceTree = BUILT_PRODUCTS_DIR; };
		34959E1F19F9E8F2002FAB9C /* Info.plist */ = {isa = PBXFileReference; lastKnownFileType = text.plist.xml; path = Info.plist; sourceTree = "<group>"; };
		34959E2019F9E8F2002FAB9C /* main.m */ = {isa = PBXFileReference; lastKnownFileType = sourcecode.c.objc; path = main.m; sourceTree = "<group>"; };
		34959E2219F9E8F2002FAB9C /* AppDelegate.h */ = {isa = PBXFileReference; lastKnownFileType = sourcecode.c.h; path = AppDelegate.h; sourceTree = "<group>"; };
		34959E2319F9E8F2002FAB9C /* AppDelegate.m */ = {isa = PBXFileReference; lastKnownFileType = sourcecode.c.objc; path = AppDelegate.m; sourceTree = "<group>"; };
		34959E2519F9E8F2002FAB9C /* Images.xcassets */ = {isa = PBXFileReference; lastKnownFileType = folder.assetcatalog; path = Images.xcassets; sourceTree = "<group>"; };
		34959E2819F9E8F2002FAB9C /* Base */ = {isa = PBXFileReference; lastKnownFileType = file.xib; name = Base; path = Base.lproj/LaunchScreen.xib; sourceTree = "<group>"; };
		34959E2E19F9E8F2002FAB9C /* LessonManagerSubviewsTests.xctest */ = {isa = PBXFileReference; explicitFileType = wrapper.cfbundle; includeInIndex = 0; path = LessonManagerSubviewsTests.xctest; sourceTree = BUILT_PRODUCTS_DIR; };
		34959E3319F9E8F2002FAB9C /* Info.plist */ = {isa = PBXFileReference; lastKnownFileType = text.plist.xml; path = Info.plist; sourceTree = "<group>"; };
		34959E3419F9E8F2002FAB9C /* LessonManagerSubviewsTests.m */ = {isa = PBXFileReference; lastKnownFileType = sourcecode.c.objc; path = LessonManagerSubviewsTests.m; sourceTree = "<group>"; };
/* End PBXFileReference section */

/* Begin PBXFrameworksBuildPhase section */
		34959E1819F9E8F2002FAB9C /* Frameworks */ = {
			isa = PBXFrameworksBuildPhase;
			buildActionMask = 2147483647;
			files = (
			);
			runOnlyForDeploymentPostprocessing = 0;
		};
		34959E2B19F9E8F2002FAB9C /* Frameworks */ = {
			isa = PBXFrameworksBuildPhase;
			buildActionMask = 2147483647;
			files = (
			);
			runOnlyForDeploymentPostprocessing = 0;
		};
/* End PBXFrameworksBuildPhase section */

/* Begin PBXGroup section */
		34959E1219F9E8F2002FAB9C = {
			isa = PBXGroup;
			children = (
				34959E1D19F9E8F2002FAB9C /* LessonManagerSubviews */,
				34959E3119F9E8F2002FAB9C /* LessonManagerSubviewsTests */,
				34959E1C19F9E8F2002FAB9C /* Products */,
			);
			sourceTree = "<group>";
		};
		34959E1C19F9E8F2002FAB9C /* Products */ = {
			isa = PBXGroup;
			children = (
				34959E1B19F9E8F2002FAB9C /* LessonManagerSubviews.app */,
				34959E2E19F9E8F2002FAB9C /* LessonManagerSubviewsTests.xctest */,
			);
			name = Products;
			sourceTree = "<group>";
		};
		34959E1D19F9E8F2002FAB9C /* LessonManagerSubviews */ = {
			isa = PBXGroup;
			children = (
				34959E2219F9E8F2002FAB9C /* AppDelegate.h */,
				34959E2319F9E8F2002FAB9C /* AppDelegate.m */,
				34959E2519F9E8F2002FAB9C /* Images.xcassets */,
				34959E2719F9E8F2002FAB9C /* LaunchScreen.xib */,
				34959E1E19F9E8F2002FAB9C /* Supporting Files */,
			);
			path = LessonManagerSubviews;
			sourceTree = "<group>";
		};
		34959E1E19F9E8F2002FAB9C /* Supporting Files */ = {
			isa = PBXGroup;
			children = (
				34959E1F19F9E8F2002FAB9C /* Info.plist */,
				34959E2019F9E8F2002FAB9C /* main.m */,
			);
			name = "Supporting Files";
			sourceTree = "<group>";
		};
		34959E3119F9E8F2002FAB9C /* LessonManagerSubviewsTests */ = {
			isa = PBXGroup;
			children = (
				34959E3419F9E8F2002FAB9C /* LessonManagerSubviewsTests.m */,
				34959E3219F9E8F2002FAB9C /* Supporting Files */,
			);
			path = LessonManagerSubviewsTests;
			sourceTree = "<group>";
		};
		34959E3219F9E8F2002FAB9C /* Supporting Files */ = {
			isa = PBXGroup;
			children = (
				34959E3319F9E8F2002FAB9C /* Info.plist */,
			);
			name = "Supporting Files";
			sourceTree = "<group>";
		};
/* End PBXGroup section */

/* Begin PBXNativeTarget section */
		34959E1A19F9E8F2002FAB9C /* LessonManagerSubviews */ = {
			isa = PBXNativeTarget;
			buildConfigurationList = 34959E3819F9E8F2002FAB9C /* Build configuration list for PBXNativeTarget "LessonManagerSubviews" */;
			buildPhases = (
				34959E1719F9E8F2002FAB9C /* Sources */,
				34959E1819F9E8F2002FAB9C /* Frameworks */,
				34959E1919F9E8F2002FAB9C /* Resources */,
			);
			buildRules = (
			);
			dependencies = (
			);
			name = LessonManagerSubviews;
			productName = LessonManagerSubviews;
			productReference = 34959E1B19F9E8F2002FAB9C /* LessonManagerSubviews.app */;
			productType = "com.apple.product-type.application";
		};
		34959E2D19F9E8F2002FAB9C /* LessonManagerSubviewsTests */ = {
			isa = PBXNativeTarget;
			buildConfigurationList = 34959E3B19F9E8F2002FAB9C /* Build configuration list for PBXNativeTarget "LessonManagerSubviewsTests" */;
			buildPhases = (
				34959E2A19F9E8F2002FAB9C /* Sources */,
				34959E2B19F9E8F2002FAB9C /* Frameworks */,
				34959E2C19F9E8F2002FAB9C /* Resources */,
			);
			buildRules = (
			);
			dependencies = (
				34959E3019F9E8F2002FAB9C /* PBXTargetDependency */,
			);
			name = LessonManagerSubviewsTests;
			productName = LessonManagerSubviewsTests;
			productReference = 34959E2E19F9E8F2002FAB9C /* LessonManagerSubviewsTests.xctest */;
			productType = "com.apple.product-type.bundle.unit-test";
		};
/* End PBXNativeTarget section */

/* Begin PBXProject section */
		34959E1319F9E8F2002FAB9C /* Project object */ = {
			isa = PBXProject;
			attributes = {
				LastUpgradeCheck = 0610;
				ORGANIZATIONNAME = "王军鑫";
				TargetAttributes = {
					34959E1A19F9E8F2002FAB9C = {
						CreatedOnToolsVersion = 6.1;
					};
					34959E2D19F9E8F2002FAB9C = {
						CreatedOnToolsVersion = 6.1;
						TestTargetID = 34959E1A19F9E8F2002FAB9C;
					};
				};
			};
			buildConfigurationList = 34959E1619F9E8F2002FAB9C /* Build configuration list for PBXProject "LessonManagerSubviews" */;
			compatibilityVersion = "Xcode 3.2";
			developmentRegion = English;
			hasScannedForEncodings = 0;
			knownRegions = (
				en,
				Base,
			);
			mainGroup = 34959E1219F9E8F2002FAB9C;
			productRefGroup = 34959E1C19F9E8F2002FAB9C /* Products */;
			projectDirPath = "";
			projectRoot = "";
			targets = (
				34959E1A19F9E8F2002FAB9C /* LessonManagerSubviews */,
				34959E2D19F9E8F2002FAB9C /* LessonManagerSubviewsTests */,
			);
		};
/* End PBXProject section */

/* Begin PBXResourcesBuildPhase section */
		34959E1919F9E8F2002FAB9C /* Resources */ = {
			isa = PBXResourcesBuildPhase;
			buildActionMask = 2147483647;
			files = (
				34959E2919F9E8F2002FAB9C /* LaunchScreen.xib in Resources */,
				34959E2619F9E8F2002FAB9C /* Images.xcassets in Resources */,
			);
			runOnlyForDeploymentPostprocessing = 0;
		};
		34959E2C19F9E8F2002FAB9C /* Resources */ = {
			isa = PBXResourcesBuildPhase;
			buildActionMask = 2147483647;
			files = (
			);
			runOnlyForDeploymentPostprocessing = 0;
		};
/* End PBXResourcesBuildPhase section */

/* Begin PBXSourcesBuildPhase section */
		34959E1719F9E8F2002FAB9C /* Sources */ = {
			isa = PBXSourcesBuildPhase;
			buildActionMask = 2147483647;
			files = (
				34959E2419F9E8F2002FAB9C /* AppDelegate.m in Sources */,
				34959E2119F9E8F2002FAB9C /* main.m in Sources */,
			);
			runOnlyForDeploymentPostprocessing = 0;
		};
		34959E2A19F9E8F2002FAB9C /* Sources */ = {
			isa = PBXSourcesBuildPhase;
			buildActionMask = 2147483647;
			files = (
				34959E3519F9E8F2002FAB9C /* LessonManagerSubviewsTests.m in Sources */,
			);
			runOnlyForDeploymentPostprocessing = 0;
		};
/* End PBXSourcesBuildPhase section */

/* Begin PBXTargetDependency section */
		34959E3019F9E8F2002FAB9C /* PBXTargetDependency */ = {
			isa = PBXTargetDependency;
			target = 34959E1A19F9E8F2002FAB9C /* LessonManagerSubviews */;
			targetProxy = 34959E2F19F9E8F2002FAB9C /* PBXContainerItemProxy */;
		};
/* End PBXTargetDependency section */

/* Begin PBXVariantGroup section */
		34959E2719F9E8F2002FAB9C /* LaunchScreen.xib */ = {
			isa = PBXVariantGroup;
			children = (
				34959E2819F9E8F2002FAB9C /* Base */,
			);
			name = LaunchScreen.xib;
			sourceTree = "<group>";
		};
/* End PBXVariantGroup section */

/* Begin XCBuildConfiguration section */
		34959E3619F9E8F2002FAB9C /* Debug */ = {
			isa = XCBuildConfiguration;
			buildSettings = {
				ALWAYS_SEARCH_USER_PATHS = NO;
				CLANG_CXX_LANGUAGE_STANDARD = "gnu++0x";
				CLANG_CXX_LIBRARY = "libc++";
				CLANG_ENABLE_MODULES = YES;
				CLANG_ENABLE_OBJC_ARC = YES;
				CLANG_WARN_BOOL_CONVERSION = YES;
				CLANG_WARN_CONSTANT_CONVERSION = YES;
				CLANG_WARN_DIRECT_OBJC_ISA_USAGE = YES_ERROR;
				CLANG_WARN_EMPTY_BODY = YES;
				CLANG_WARN_ENUM_CONVERSION = YES;
				CLANG_WARN_INT_CONVERSION = YES;
				CLANG_WARN_OBJC_ROOT_CLASS = YES_ERROR;
				CLANG_WARN_UNREACHABLE_CODE = YES;
				CLANG_WARN__DUPLICATE_METHOD_MATCH = YES;
				"CODE_SIGN_IDENTITY[sdk=iphoneos*]" = "iPhone Developer";
				COPY_PHASE_STRIP = NO;
				ENABLE_STRICT_OBJC_MSGSEND = YES;
				GCC_C_LANGUAGE_STANDARD = gnu99;
				GCC_DYNAMIC_NO_PIC = NO;
				GCC_OPTIMIZATION_LEVEL = 0;
				GCC_PREPROCESSOR_DEFINITIONS = (
					"DEBUG=1",
					"$(inherited)",
				);
				GCC_SYMBOLS_PRIVATE_EXTERN = NO;
				GCC_WARN_64_TO_32_BIT_CONVERSION = YES;
				GCC_WARN_ABOUT_RETURN_TYPE = YES_ERROR;
				GCC_WARN_UNDECLARED_SELECTOR = YES;
				GCC_WARN_UNINITIALIZED_AUTOS = YES_AGGRESSIVE;
				GCC_WARN_UNUSED_FUNCTION = YES;
				GCC_WARN_UNUSED_VARIABLE = YES;
				IPHONEOS_DEPLOYMENT_TARGET = 8.1;
				MTL_ENABLE_DEBUG_INFO = YES;
				ONLY_ACTIVE_ARCH = YES;
				SDKROOT = iphoneos;
			};
			name = Debug;
		};
		34959E3719F9E8F2002FAB9C /* Release */ = {
			isa = XCBuildConfiguration;
			buildSettings = {
				ALWAYS_SEARCH_USER_PATHS = NO;
				CLANG_CXX_LANGUAGE_STANDARD = "gnu++0x";
				CLANG_CXX_LIBRARY = "libc++";
				CLANG_ENABLE_MODULES = YES;
				CLANG_ENABLE_OBJC_ARC = YES;
				CLANG_WARN_BOOL_CONVERSION = YES;
				CLANG_WARN_CONSTANT_CONVERSION = YES;
				CLANG_WARN_DIRECT_OBJC_ISA_USAGE = YES_ERROR;
				CLANG_WARN_EMPTY_BODY = YES;
				CLANG_WARN_ENUM_CONVERSION = YES;
				CLANG_WARN_INT_CONVERSION = YES;
				CLANG_WARN_OBJC_ROOT_CLASS = YES_ERROR;
				CLANG_WARN_UNREACHABLE_CODE = YES;
				CLANG_WARN__DUPLICATE_METHOD_MATCH = YES;
				"CODE_SIGN_IDENTITY[sdk=iphoneos*]" = "iPhone Developer";
				COPY_PHASE_STRIP = YES;
				ENABLE_NS_ASSERTIONS = NO;
				ENABLE_STRICT_OBJC_MSGSEND = YES;
				GCC_C_LANGUAGE_STANDARD = gnu99;
				GCC_WARN_64_TO_32_BIT_CONVERSION = YES;
				GCC_WARN_ABOUT_RETURN_TYPE = YES_ERROR;
				GCC_WARN_UNDECLARED_SELECTOR = YES;
				GCC_WARN_UNINITIALIZED_AUTOS = YES_AGGRESSIVE;
				GCC_WARN_UNUSED_FUNCTION = YES;
				GCC_WARN_UNUSED_VARIABLE = YES;
				IPHONEOS_DEPLOYMENT_TARGET = 8.1;
				MTL_ENABLE_DEBUG_INFO = NO;
				SDKROOT = iphoneos;
				VALIDATE_PRODUCT = YES;
			};
			name = Release;
		};
		34959E3919F9E8F2002FAB9C /* Debug */ = {
			isa = XCBuildConfiguration;
			buildSettings = {
				ASSETCATALOG_COMPILER_APPICON_NAME = AppIcon;
				CLANG_ENABLE_OBJC_ARC = NO;
				INFOPLIST_FILE = LessonManagerSubviews/Info.plist;
				LD_RUNPATH_SEARCH_PATHS = "$(inherited) @executable_path/Frameworks";
				PRODUCT_NAME = "$(TARGET_NAME)";
			};
			name = Debug;
		};
		34959E3A19F9E8F2002FAB9C /* Release */ = {
			isa = XCBuildConfiguration;
			buildSettings = {
				ASSETCATALOG_COMPILER_APPICON_NAME = AppIcon;
				CLANG_ENABLE_OBJC_ARC = NO;
				INFOPLIST_FILE = LessonManagerSubviews/Info.plist;
				LD_RUNPATH_SEARCH_PATHS = "$(inherited) @executable_path/Frameworks";
				PRODUCT_NAME = "$(TARGET_NAME)";
			};
			name = Release;
		};
		34959E3C19F9E8F2002FAB9C /* Debug */ = {
			isa = XCBuildConfiguration;
			buildSettings = {
				BUNDLE_LOADER = "$(TEST_HOST)";
				FRAMEWORK_SEARCH_PATHS = (
					"$(SDKROOT)/Developer/Library/Frameworks",
					"$(inherited)",
				);
				GCC_PREPROCESSOR_DEFINITIONS = (
					"DEBUG=1",
					"$(inherited)",
				);
				INFOPLIST_FILE = LessonManagerSubviewsTests/Info.plist;
				LD_RUNPATH_SEARCH_PATHS = "$(inherited) @executable_path/Frameworks @loader_path/Frameworks";
				PRODUCT_NAME = "$(TARGET_NAME)";
				TEST_HOST = "$(BUILT_PRODUCTS_DIR)/LessonManagerSubviews.app/LessonManagerSubviews";
			};
			name = Debug;
		};
		34959E3D19F9E8F2002FAB9C /* Release */ = {
			isa = XCBuildConfiguration;
			buildSettings = {
				BUNDLE_LOADER = "$(TEST_HOST)";
				FRAMEWORK_SEARCH_PATHS = (
					"$(SDKROOT)/Developer/Library/Frameworks",
					"$(inherited)",
				);
				INFOPLIST_FILE = LessonManagerSubviewsTests/Info.plist;
				LD_RUNPATH_SEARCH_PATHS = "$(inherited) @executable_path/Frameworks @loader_path/Frameworks";
				PRODUCT_NAME = "$(TARGET_NAME)";
				TEST_HOST = "$(BUILT_PRODUCTS_DIR)/LessonManagerSubviews.app/LessonManagerSubviews";
			};
			name = Release;
		};
/* End XCBuildConfiguration section */

/* Begin XCConfigurationList section */
		34959E1619F9E8F2002FAB9C /* Build configuration list for PBXProject "LessonManagerSubviews" */ = {
			isa = XCConfigurationList;
			buildConfigurations = (
				34959E3619F9E8F2002FAB9C /* Debug */,
				34959E3719F9E8F2002FAB9C /* Release */,
			);
			defaultConfigurationIsVisible = 0;
			defaultConfigurationName = Release;
		};
		34959E3819F9E8F2002FAB9C /* Build configuration list for PBXNativeTarget "LessonManagerSubviews" */ = {
			isa = XCConfigurationList;
			buildConfigurations = (
				34959E3919F9E8F2002FAB9C /* Debug */,
				34959E3A19F9E8F2002FAB9C /* Release */,
			);
			defaultConfigurationIsVisible = 0;
		};
		34959E3B19F9E8F2002FAB9C /* Build configuration list for PBXNativeTarget "LessonManagerSubviewsTests" */ = {
			isa = XCConfigurationList;
			buildConfigurations = (
				34959E3C19F9E8F2002FAB9C /* Debug */,
				34959E3D19F9E8F2002FAB9C /* Release */,
			);
			defaultConfigurationIsVisible = 0;
		};
/* End XCConfigurationList section */
	};
	rootObject = 34959E1319F9E8F2002FAB9C /* Project object */;
}
