// !$*UTF8*$!
{
	archiveVersion = 1;
	classes = {
	};
	objectVersion = 46;
	objects = {

/* Begin PBXBuildFile section */
		34959E4D19FA2991002FAB9C /* main.m in Sources */ = {isa = PBXBuildFile; fileRef = 34959E4C19FA2991002FAB9C /* main.m */; };
		34959E5019FA2991002FAB9C /* AppDelegate.m in Sources */ = {isa = PBXBuildFile; fileRef = 34959E4F19FA2991002FAB9C /* AppDelegate.m */; };
		34959E5219FA2992002FAB9C /* Images.xcassets in Resources */ = {isa = PBXBuildFile; fileRef = 34959E5119FA2992002FAB9C /* Images.xcassets */; };
		34959E5519FA2992002FAB9C /* LaunchScreen.xib in Resources */ = {isa = PBXBuildFile; fileRef = 34959E5319FA2992002FAB9C /* LaunchScreen.xib */; };
		34959E6119FA2992002FAB9C /* LessonUIlabelTests.m in Sources */ = {isa = PBXBuildFile; fileRef = 34959E6019FA2992002FAB9C /* LessonUIlabelTests.m */; };
/* End PBXBuildFile section */

/* Begin PBXContainerItemProxy section */
		34959E5B19FA2992002FAB9C /* PBXContainerItemProxy */ = {
			isa = PBXContainerItemProxy;
			containerPortal = 34959E3F19FA2991002FAB9C /* Project object */;
			proxyType = 1;
			remoteGlobalIDString = 34959E4619FA2991002FAB9C;
			remoteInfo = LessonUIlabel;
		};
/* End PBXContainerItemProxy section */

/* Begin PBXFileReference section */
		34959E4719FA2991002FAB9C /* LessonUIlabel.app */ = {isa = PBXFileReference; explicitFileType = wrapper.application; includeInIndex = 0; path = LessonUIlabel.app; sourceTree = BUILT_PRODUCTS_DIR; };
		34959E4B19FA2991002FAB9C /* Info.plist */ = {isa = PBXFileReference; lastKnownFileType = text.plist.xml; path = Info.plist; sourceTree = "<group>"; };
		34959E4C19FA2991002FAB9C /* main.m */ = {isa = PBXFileReference; lastKnownFileType = sourcecode.c.objc; path = main.m; sourceTree = "<group>"; };
		34959E4E19FA2991002FAB9C /* AppDelegate.h */ = {isa = PBXFileReference; lastKnownFileType = sourcecode.c.h; path = AppDelegate.h; sourceTree = "<group>"; };
		34959E4F19FA2991002FAB9C /* AppDelegate.m */ = {isa = PBXFileReference; lastKnownFileType = sourcecode.c.objc; path = AppDelegate.m; sourceTree = "<group>"; };
		34959E5119FA2992002FAB9C /* Images.xcassets */ = {isa = PBXFileReference; lastKnownFileType = folder.assetcatalog; path = Images.xcassets; sourceTree = "<group>"; };
		34959E5419FA2992002FAB9C /* Base */ = {isa = PBXFileReference; lastKnownFileType = file.xib; name = Base; path = Base.lproj/LaunchScreen.xib; sourceTree = "<group>"; };
		34959E5A19FA2992002FAB9C /* LessonUIlabelTests.xctest */ = {isa = PBXFileReference; explicitFileType = wrapper.cfbundle; includeInIndex = 0; path = LessonUIlabelTests.xctest; sourceTree = BUILT_PRODUCTS_DIR; };
		34959E5F19FA2992002FAB9C /* Info.plist */ = {isa = PBXFileReference; lastKnownFileType = text.plist.xml; path = Info.plist; sourceTree = "<group>"; };
		34959E6019FA2992002FAB9C /* LessonUIlabelTests.m */ = {isa = PBXFileReference; lastKnownFileType = sourcecode.c.objc; path = LessonUIlabelTests.m; sourceTree = "<group>"; };
/* End PBXFileReference section */

/* Begin PBXFrameworksBuildPhase section */
		34959E4419FA2991002FAB9C /* Frameworks */ = {
			isa = PBXFrameworksBuildPhase;
			buildActionMask = 2147483647;
			files = (
			);
			runOnlyForDeploymentPostprocessing = 0;
		};
		34959E5719FA2992002FAB9C /* Frameworks */ = {
			isa = PBXFrameworksBuildPhase;
			buildActionMask = 2147483647;
			files = (
			);
			runOnlyForDeploymentPostprocessing = 0;
		};
/* End PBXFrameworksBuildPhase section */

/* Begin PBXGroup section */
		34959E3E19FA2991002FAB9C = {
			isa = PBXGroup;
			children = (
				34959E4919FA2991002FAB9C /* LessonUIlabel */,
				34959E5D19FA2992002FAB9C /* LessonUIlabelTests */,
				34959E4819FA2991002FAB9C /* Products */,
			);
			sourceTree = "<group>";
		};
		34959E4819FA2991002FAB9C /* Products */ = {
			isa = PBXGroup;
			children = (
				34959E4719FA2991002FAB9C /* LessonUIlabel.app */,
				34959E5A19FA2992002FAB9C /* LessonUIlabelTests.xctest */,
			);
			name = Products;
			sourceTree = "<group>";
		};
		34959E4919FA2991002FAB9C /* LessonUIlabel */ = {
			isa = PBXGroup;
			children = (
				34959E4E19FA2991002FAB9C /* AppDelegate.h */,
				34959E4F19FA2991002FAB9C /* AppDelegate.m */,
				34959E5119FA2992002FAB9C /* Images.xcassets */,
				34959E5319FA2992002FAB9C /* LaunchScreen.xib */,
				34959E4A19FA2991002FAB9C /* Supporting Files */,
			);
			path = LessonUIlabel;
			sourceTree = "<group>";
		};
		34959E4A19FA2991002FAB9C /* Supporting Files */ = {
			isa = PBXGroup;
			children = (
				34959E4B19FA2991002FAB9C /* Info.plist */,
				34959E4C19FA2991002FAB9C /* main.m */,
			);
			name = "Supporting Files";
			sourceTree = "<group>";
		};
		34959E5D19FA2992002FAB9C /* LessonUIlabelTests */ = {
			isa = PBXGroup;
			children = (
				34959E6019FA2992002FAB9C /* LessonUIlabelTests.m */,
				34959E5E19FA2992002FAB9C /* Supporting Files */,
			);
			path = LessonUIlabelTests;
			sourceTree = "<group>";
		};
		34959E5E19FA2992002FAB9C /* Supporting Files */ = {
			isa = PBXGroup;
			children = (
				34959E5F19FA2992002FAB9C /* Info.plist */,
			);
			name = "Supporting Files";
			sourceTree = "<group>";
		};
/* End PBXGroup section */

/* Begin PBXNativeTarget section */
		34959E4619FA2991002FAB9C /* LessonUIlabel */ = {
			isa = PBXNativeTarget;
			buildConfigurationList = 34959E6419FA2992002FAB9C /* Build configuration list for PBXNativeTarget "LessonUIlabel" */;
			buildPhases = (
				34959E4319FA2991002FAB9C /* Sources */,
				34959E4419FA2991002FAB9C /* Frameworks */,
				34959E4519FA2991002FAB9C /* Resources */,
			);
			buildRules = (
			);
			dependencies = (
			);
			name = LessonUIlabel;
			productName = LessonUIlabel;
			productReference = 34959E4719FA2991002FAB9C /* LessonUIlabel.app */;
			productType = "com.apple.product-type.application";
		};
		34959E5919FA2992002FAB9C /* LessonUIlabelTests */ = {
			isa = PBXNativeTarget;
			buildConfigurationList = 34959E6719FA2992002FAB9C /* Build configuration list for PBXNativeTarget "LessonUIlabelTests" */;
			buildPhases = (
				34959E5619FA2992002FAB9C /* Sources */,
				34959E5719FA2992002FAB9C /* Frameworks */,
				34959E5819FA2992002FAB9C /* Resources */,
			);
			buildRules = (
			);
			dependencies = (
				34959E5C19FA2992002FAB9C /* PBXTargetDependency */,
			);
			name = LessonUIlabelTests;
			productName = LessonUIlabelTests;
			productReference = 34959E5A19FA2992002FAB9C /* LessonUIlabelTests.xctest */;
			productType = "com.apple.product-type.bundle.unit-test";
		};
/* End PBXNativeTarget section */

/* Begin PBXProject section */
		34959E3F19FA2991002FAB9C /* Project object */ = {
			isa = PBXProject;
			attributes = {
				LastUpgradeCheck = 0610;
				ORGANIZATIONNAME = "王军鑫";
				TargetAttributes = {
					34959E4619FA2991002FAB9C = {
						CreatedOnToolsVersion = 6.1;
					};
					34959E5919FA2992002FAB9C = {
						CreatedOnToolsVersion = 6.1;
						TestTargetID = 34959E4619FA2991002FAB9C;
					};
				};
			};
			buildConfigurationList = 34959E4219FA2991002FAB9C /* Build configuration list for PBXProject "LessonUIlabel" */;
			compatibilityVersion = "Xcode 3.2";
			developmentRegion = English;
			hasScannedForEncodings = 0;
			knownRegions = (
				en,
				Base,
			);
			mainGroup = 34959E3E19FA2991002FAB9C;
			productRefGroup = 34959E4819FA2991002FAB9C /* Products */;
			projectDirPath = "";
			projectRoot = "";
			targets = (
				34959E4619FA2991002FAB9C /* LessonUIlabel */,
				34959E5919FA2992002FAB9C /* LessonUIlabelTests */,
			);
		};
/* End PBXProject section */

/* Begin PBXResourcesBuildPhase section */
		34959E4519FA2991002FAB9C /* Resources */ = {
			isa = PBXResourcesBuildPhase;
			buildActionMask = 2147483647;
			files = (
				34959E5519FA2992002FAB9C /* LaunchScreen.xib in Resources */,
				34959E5219FA2992002FAB9C /* Images.xcassets in Resources */,
			);
			runOnlyForDeploymentPostprocessing = 0;
		};
		34959E5819FA2992002FAB9C /* Resources */ = {
			isa = PBXResourcesBuildPhase;
			buildActionMask = 2147483647;
			files = (
			);
			runOnlyForDeploymentPostprocessing = 0;
		};
/* End PBXResourcesBuildPhase section */

/* Begin PBXSourcesBuildPhase section */
		34959E4319FA2991002FAB9C /* Sources */ = {
			isa = PBXSourcesBuildPhase;
			buildActionMask = 2147483647;
			files = (
				34959E5019FA2991002FAB9C /* AppDelegate.m in Sources */,
				34959E4D19FA2991002FAB9C /* main.m in Sources */,
			);
			runOnlyForDeploymentPostprocessing = 0;
		};
		34959E5619FA2992002FAB9C /* Sources */ = {
			isa = PBXSourcesBuildPhase;
			buildActionMask = 2147483647;
			files = (
				34959E6119FA2992002FAB9C /* LessonUIlabelTests.m in Sources */,
			);
			runOnlyForDeploymentPostprocessing = 0;
		};
/* End PBXSourcesBuildPhase section */

/* Begin PBXTargetDependency section */
		34959E5C19FA2992002FAB9C /* PBXTargetDependency */ = {
			isa = PBXTargetDependency;
			target = 34959E4619FA2991002FAB9C /* LessonUIlabel */;
			targetProxy = 34959E5B19FA2992002FAB9C /* PBXContainerItemProxy */;
		};
/* End PBXTargetDependency section */

/* Begin PBXVariantGroup section */
		34959E5319FA2992002FAB9C /* LaunchScreen.xib */ = {
			isa = PBXVariantGroup;
			children = (
				34959E5419FA2992002FAB9C /* Base */,
			);
			name = LaunchScreen.xib;
			sourceTree = "<group>";
		};
/* End PBXVariantGroup section */

/* Begin XCBuildConfiguration section */
		34959E6219FA2992002FAB9C /* Debug */ = {
			isa = XCBuildConfiguration;
			buildSettings = {
				ALWAYS_SEARCH_USER_PATHS = NO;
				CLANG_CXX_LANGUAGE_STANDARD = "gnu++0x";
				CLANG_CXX_LIBRARY = "libc++";
				CLANG_ENABLE_MODULES = YES;
				CLANG_ENABLE_OBJC_ARC = YES;
				CLANG_WARN_BOOL_CONVERSION = YES;
				CLANG_WARN_CONSTANT_CONVERSION = YES;
				CLANG_WARN_DIRECT_OBJC_ISA_USAGE = YES_ERROR;
				CLANG_WARN_EMPTY_BODY = YES;
				CLANG_WARN_ENUM_CONVERSION = YES;
				CLANG_WARN_INT_CONVERSION = YES;
				CLANG_WARN_OBJC_ROOT_CLASS = YES_ERROR;
				CLANG_WARN_UNREACHABLE_CODE = YES;
				CLANG_WARN__DUPLICATE_METHOD_MATCH = YES;
				"CODE_SIGN_IDENTITY[sdk=iphoneos*]" = "iPhone Developer";
				COPY_PHASE_STRIP = NO;
				ENABLE_STRICT_OBJC_MSGSEND = YES;
				GCC_C_LANGUAGE_STANDARD = gnu99;
				GCC_DYNAMIC_NO_PIC = NO;
				GCC_OPTIMIZATION_LEVEL = 0;
				GCC_PREPROCESSOR_DEFINITIONS = (
					"DEBUG=1",
					"$(inherited)",
				);
				GCC_SYMBOLS_PRIVATE_EXTERN = NO;
				GCC_WARN_64_TO_32_BIT_CONVERSION = YES;
				GCC_WARN_ABOUT_RETURN_TYPE = YES_ERROR;
				GCC_WARN_UNDECLARED_SELECTOR = YES;
				GCC_WARN_UNINITIALIZED_AUTOS = YES_AGGRESSIVE;
				GCC_WARN_UNUSED_FUNCTION = YES;
				GCC_WARN_UNUSED_VARIABLE = YES;
				IPHONEOS_DEPLOYMENT_TARGET = 8.1;
				MTL_ENABLE_DEBUG_INFO = YES;
				ONLY_ACTIVE_ARCH = YES;
				SDKROOT = iphoneos;
			};
			name = Debug;
		};
		34959E6319FA2992002FAB9C /* Release */ = {
			isa = XCBuildConfiguration;
			buildSettings = {
				ALWAYS_SEARCH_USER_PATHS = NO;
				CLANG_CXX_LANGUAGE_STANDARD = "gnu++0x";
				CLANG_CXX_LIBRARY = "libc++";
				CLANG_ENABLE_MODULES = YES;
				CLANG_ENABLE_OBJC_ARC = YES;
				CLANG_WARN_BOOL_CONVERSION = YES;
				CLANG_WARN_CONSTANT_CONVERSION = YES;
				CLANG_WARN_DIRECT_OBJC_ISA_USAGE = YES_ERROR;
				CLANG_WARN_EMPTY_BODY = YES;
				CLANG_WARN_ENUM_CONVERSION = YES;
				CLANG_WARN_INT_CONVERSION = YES;
				CLANG_WARN_OBJC_ROOT_CLASS = YES_ERROR;
				CLANG_WARN_UNREACHABLE_CODE = YES;
				CLANG_WARN__DUPLICATE_METHOD_MATCH = YES;
				"CODE_SIGN_IDENTITY[sdk=iphoneos*]" = "iPhone Developer";
				COPY_PHASE_STRIP = YES;
				ENABLE_NS_ASSERTIONS = NO;
				ENABLE_STRICT_OBJC_MSGSEND = YES;
				GCC_C_LANGUAGE_STANDARD = gnu99;
				GCC_WARN_64_TO_32_BIT_CONVERSION = YES;
				GCC_WARN_ABOUT_RETURN_TYPE = YES_ERROR;
				GCC_WARN_UNDECLARED_SELECTOR = YES;
				GCC_WARN_UNINITIALIZED_AUTOS = YES_AGGRESSIVE;
				GCC_WARN_UNUSED_FUNCTION = YES;
				GCC_WARN_UNUSED_VARIABLE = YES;
				IPHONEOS_DEPLOYMENT_TARGET = 8.1;
				MTL_ENABLE_DEBUG_INFO = NO;
				SDKROOT = iphoneos;
				VALIDATE_PRODUCT = YES;
			};
			name = Release;
		};
		34959E6519FA2992002FAB9C /* Debug */ = {
			isa = XCBuildConfiguration;
			buildSettings = {
				ASSETCATALOG_COMPILER_APPICON_NAME = AppIcon;
				CLANG_ENABLE_OBJC_ARC = NO;
				INFOPLIST_FILE = LessonUIlabel/Info.plist;
				LD_RUNPATH_SEARCH_PATHS = "$(inherited) @executable_path/Frameworks";
				PRODUCT_NAME = "$(TARGET_NAME)";
			};
			name = Debug;
		};
		34959E6619FA2992002FAB9C /* Release */ = {
			isa = XCBuildConfiguration;
			buildSettings = {
				ASSETCATALOG_COMPILER_APPICON_NAME = AppIcon;
				CLANG_ENABLE_OBJC_ARC = NO;
				INFOPLIST_FILE = LessonUIlabel/Info.plist;
				LD_RUNPATH_SEARCH_PATHS = "$(inherited) @executable_path/Frameworks";
				PRODUCT_NAME = "$(TARGET_NAME)";
			};
			name = Release;
		};
		34959E6819FA2992002FAB9C /* Debug */ = {
			isa = XCBuildConfiguration;
			buildSettings = {
				BUNDLE_LOADER = "$(TEST_HOST)";
				FRAMEWORK_SEARCH_PATHS = (
					"$(SDKROOT)/Developer/Library/Frameworks",
					"$(inherited)",
				);
				GCC_PREPROCESSOR_DEFINITIONS = (
					"DEBUG=1",
					"$(inherited)",
				);
				INFOPLIST_FILE = LessonUIlabelTests/Info.plist;
				LD_RUNPATH_SEARCH_PATHS = "$(inherited) @executable_path/Frameworks @loader_path/Frameworks";
				PRODUCT_NAME = "$(TARGET_NAME)";
				TEST_HOST = "$(BUILT_PRODUCTS_DIR)/LessonUIlabel.app/LessonUIlabel";
			};
			name = Debug;
		};
		34959E6919FA2992002FAB9C /* Release */ = {
			isa = XCBuildConfiguration;
			buildSettings = {
				BUNDLE_LOADER = "$(TEST_HOST)";
				FRAMEWORK_SEARCH_PATHS = (
					"$(SDKROOT)/Developer/Library/Frameworks",
					"$(inherited)",
				);
				INFOPLIST_FILE = LessonUIlabelTests/Info.plist;
				LD_RUNPATH_SEARCH_PATHS = "$(inherited) @executable_path/Frameworks @loader_path/Frameworks";
				PRODUCT_NAME = "$(TARGET_NAME)";
				TEST_HOST = "$(BUILT_PRODUCTS_DIR)/LessonUIlabel.app/LessonUIlabel";
			};
			name = Release;
		};
/* End XCBuildConfiguration section */

/* Begin XCConfigurationList section */
		34959E4219FA2991002FAB9C /* Build configuration list for PBXProject "LessonUIlabel" */ = {
			isa = XCConfigurationList;
			buildConfigurations = (
				34959E6219FA2992002FAB9C /* Debug */,
				34959E6319FA2992002FAB9C /* Release */,
			);
			defaultConfigurationIsVisible = 0;
			defaultConfigurationName = Release;
		};
		34959E6419FA2992002FAB9C /* Build configuration list for PBXNativeTarget "LessonUIlabel" */ = {
			isa = XCConfigurationList;
			buildConfigurations = (
				34959E6519FA2992002FAB9C /* Debug */,
				34959E6619FA2992002FAB9C /* Release */,
			);
			defaultConfigurationIsVisible = 0;
		};
		34959E6719FA2992002FAB9C /* Build configuration list for PBXNativeTarget "LessonUIlabelTests" */ = {
			isa = XCConfigurationList;
			buildConfigurations = (
				34959E6819FA2992002FAB9C /* Debug */,
				34959E6919FA2992002FAB9C /* Release */,
			);
			defaultConfigurationIsVisible = 0;
		};
/* End XCConfigurationList section */
	};
	rootObject = 34959E3F19FA2991002FAB9C /* Project object */;
}
